PODS:
  - LBCollectionsCombinerView (0.0.6)

DEPENDENCIES:
  - LBCollectionsCombinerView (from `../`)

EXTERNAL SOURCES:
  LBCollectionsCombinerView:
    :path: "../"

SPEC CHECKSUMS:
  LBCollectionsCombinerView: 7d2f4bfcb1de6516eea4b2ce2654540a93161565

PODFILE CHECKSUM: f9d6626ffc1011ac563d5ecfbc16491eb9787014

COCOAPODS: 1.13.0
