PODS:
  - LBCollectionsCombinerView (0.0.5)

DEPENDENCIES:
  - LBCollectionsCombinerView (from `../`)

EXTERNAL SOURCES:
  LBCollectionsCombinerView:
    :path: "../"

SPEC CHECKSUMS:
  LBCollectionsCombinerView: 12d0f15d3c84dfaacbad56c136376b0caad5348b

PODFILE CHECKSUM: f9d6626ffc1011ac563d5ecfbc16491eb9787014

COCOAPODS: 1.13.0
