PODS:
  - LBCollectionsCombinerView (0.0.3)

DEPENDENCIES:
  - LBCollectionsCombinerView (from `../`)

EXTERNAL SOURCES:
  LBCollectionsCombinerView:
    :path: "../"

SPEC CHECKSUMS:
  LBCollectionsCombinerView: 2ff63fcc467bc3d9001f9493ea14e1a4c57a7470

PODFILE CHECKSUM: f9d6626ffc1011ac563d5ecfbc16491eb9787014

COCOAPODS: 1.13.0
